{
  "nodes": {
    "nixpkgs": {
      "locked": {
        "lastModified": 1772774498,
        "narHash": "sha256-85HBHBEzVRQ0ZRe6u3E2snUvAyTr5mSvi5m2vl4HExo=",
        "owner": "nixos",
        "repo": "nixpkgs",
        "rev": "943ba5b1a58e68eb9a2c284ba6e3b30ebfe45abe",
        "type": "github"
      },
      "original": {
        "owner": "nixos",
        "repo": "nixpkgs",
        "type": "github"
      }
    },
    "root": {
      "inputs": {
        "nixpkgs": "nixpkgs"
      }
    }
  },
  "root": "root",
  "version": 7
}
